
Microsoft Visual Studio Solution File, Format Version 12.00
# Visual Studio Version 17
VisualStudioVersion = 17.3.32929.385
MinimumVisualStudioVersion = 10.0.40219.1
Project("{FAE04EC0-301F-11D3-BF4B-00C04F79EFBC}") = "onta_nicusor_lab1", "onta_nicusor_lab1\onta_nicusor_lab1.csproj", "{2D47F2B1-BF1A-43AB-A11F-C397447C7062}"
EndProject
Global
	GlobalSection(SolutionConfigurationPlatforms) = preSolution
		Debug|Any CPU = Debug|Any CPU
		Release|Any CPU = Release|Any CPU
	EndGlobalSection
	GlobalSection(ProjectConfigurationPlatforms) = postSolution
		{2D47F2B1-BF1A-43AB-A11F-C397447C7062}.Debug|Any CPU.ActiveCfg = Debug|Any CPU
		{2D47F2B1-BF1A-43AB-A11F-C397447C7062}.Debug|Any CPU.Build.0 = Debug|Any CPU
		{2D47F2B1-BF1A-43AB-A11F-C397447C7062}.Release|Any CPU.ActiveCfg = Release|Any CPU
		{2D47F2B1-BF1A-43AB-A11F-C397447C7062}.Release|Any CPU.Build.0 = Release|Any CPU
	EndGlobalSection
	GlobalSection(SolutionProperties) = preSolution
		HideSolutionNode = FALSE
	EndGlobalSection
	GlobalSection(ExtensibilityGlobals) = postSolution
		SolutionGuid = {EEFBE661-2E06-4696-92A2-CD7E621E649E}
	EndGlobalSection
EndGlobal
